{
  "version": 4,
  "terraform_version": "1.8.2",
  "serial": 169,
  "lineage": "c840f660-98ea-f025-11af-b6e755a8b8a4",
  "outputs": {},
  "resources": [
    {
      "mode": "managed",
      "type": "proxmox_virtual_environment_vm",
      "name": "win11_cloudbase-init",
      "provider": "provider[\"registry.terraform.io/bpg/proxmox\"]",
      "instances": [
        {
          "index_key": "vm-01901672-09db-7dea-91c7-0fcf4d39496f",
          "schema_version": 0,
          "attributes": {
            "acpi": true,
            "agent": [
              {
                "enabled": true,
                "timeout": "15m",
                "trim": false,
                "type": "virtio"
              }
            ],
            "audio_device": [],
            "bios": "ovmf",
            "boot_order": null,
            "cdrom": [],
            "clone": [
              {
                "datastore_id": "",
                "full": false,
                "node_name": "pve",
                "retries": 1,
                "vm_id": 201
              }
            ],
            "cpu": [
              {
                "affinity": "",
                "architecture": "x86_64",
                "cores": 6,
                "flags": null,
                "hotplugged": 0,
                "limit": 0,
                "numa": false,
                "sockets": 1,
                "type": "host",
                "units": 1024
              }
            ],
            "description": "VM Request",
            "disk": [
              {
                "aio": "io_uring",
                "backup": true,
                "cache": "writeback",
                "datastore_id": "local-lvm",
                "discard": "ignore",
                "file_format": "raw",
                "file_id": "",
                "interface": "scsi0",
                "iothread": true,
                "path_in_datastore": "vm-100-disk-1",
                "replicate": true,
                "size": 512,
                "speed": [],
                "ssd": true
              }
            ],
            "efi_disk": [],
            "hook_script_file_id": null,
            "hostpci": [
              {
                "device": "hostpci0",
                "id": "0000:01:00.0",
                "mapping": "",
                "mdev": "",
                "pcie": true,
                "rom_file": "",
                "rombar": true,
                "xvga": true
              }
            ],
            "id": "100",
            "initialization": [
              {
                "datastore_id": "local-lvm",
                "dns": [],
                "interface": "scsi1",
                "ip_config": [
                  {
                    "ipv4": [
                      {
                        "address": "dhcp",
                        "gateway": ""
                      }
                    ],
                    "ipv6": []
                  }
                ],
                "meta_data_file_id": "",
                "network_data_file_id": "",
                "type": "",
                "upgrade": true,
                "user_account": [],
                "user_data_file_id": "",
                "vendor_data_file_id": ""
              }
            ],
            "ipv4_addresses": [
              [
                "172.16.0.2"
              ],
              [
                "10.11.1.183"
              ],
              [
                "127.0.0.1"
              ]
            ],
            "ipv6_addresses": [
              [
                "2606:4700:110:835e:6346:742a:ae49:c3b4",
                "fe80::83b:d647:4bed:d388%13"
              ],
              [
                "fe80::94eb:9bf8:bb0a:7e96%7"
              ],
              [
                "::1"
              ]
            ],
            "keyboard_layout": "en-us",
            "kvm_arguments": null,
            "mac_addresses": [
              "",
              "BC:24:11:DB:CF:7B",
              ""
            ],
            "machine": null,
            "memory": [
              {
                "dedicated": 8192,
                "floating": 0,
                "hugepages": "",
                "keep_hugepages": false,
                "shared": 0
              }
            ],
            "migrate": false,
            "name": "cloud-gaming-admin",
            "network_device": [
              {
                "bridge": "vmbr0",
                "disconnected": false,
                "enabled": true,
                "firewall": false,
                "mac_address": "BC:24:11:DB:CF:7B",
                "model": "virtio",
                "mtu": 0,
                "queues": 0,
                "rate_limit": 0,
                "trunks": "",
                "vlan_id": 0
              }
            ],
            "network_interface_names": [
              "CloudflareWARP",
              "Ethernet",
              "Loopback Pseudo-Interface 1"
            ],
            "node_name": "pve",
            "numa": [],
            "on_boot": true,
            "operating_system": [
              {
                "type": "win11"
              }
            ],
            "pool_id": "VM_GAMING",
            "protection": false,
            "reboot": false,
            "scsi_hardware": "virtio-scsi-pci",
            "serial_device": [],
            "smbios": [],
            "started": true,
            "startup": [],
            "stop_on_destroy": true,
            "tablet_device": true,
            "tags": null,
            "template": false,
            "timeout_clone": 1800,
            "timeout_create": 1800,
            "timeout_migrate": 1800,
            "timeout_move_disk": 1800,
            "timeout_reboot": 1800,
            "timeout_shutdown_vm": 1800,
            "timeout_start_vm": 1800,
            "timeout_stop_vm": 300,
            "tpm_state": [],
            "usb": [],
            "vga": [
              {
                "enabled": true,
                "memory": 512,
                "type": "virtio"
              }
            ],
            "vm_id": 100
          },
          "sensitive_attributes": [],
          "private": "bnVsbA=="
        }
      ]
    }
  ],
  "check_results": null
}
